// !$*UTF8*$!
{
	archiveVersion = 1;
	classes = {
	};
	objectVersion = 50;
	objects = {

/* Begin PBXBuildFile section */
		546FAB992507AC6800D2A821 /* Scene.swift in Sources */ = {isa = PBXBuildFile; fileRef = 546FAB982507AC6800D2A821 /* Scene.swift */; };
		54CBB0852505542D00FD9ED7 /* AppDelegate.swift in Sources */ = {isa = PBXBuildFile; fileRef = 54CBB0842505542D00FD9ED7 /* AppDelegate.swift */; };
		54CBB0882505542D00FD9ED7 /* Renderer.swift in Sources */ = {isa = PBXBuildFile; fileRef = 54CBB0872505542D00FD9ED7 /* Renderer.swift */; };
		54CBB08A2505542D00FD9ED7 /* GameViewController.swift in Sources */ = {isa = PBXBuildFile; fileRef = 54CBB0892505542D00FD9ED7 /* GameViewController.swift */; };
		54CBB08F2505542D00FD9ED7 /* Main.storyboard in Resources */ = {isa = PBXBuildFile; fileRef = 54CBB08D2505542D00FD9ED7 /* Main.storyboard */; };
		54CBB0912505542F00FD9ED7 /* Assets.xcassets in Resources */ = {isa = PBXBuildFile; fileRef = 54CBB0902505542F00FD9ED7 /* Assets.xcassets */; };
		54CBB0942505542F00FD9ED7 /* LaunchScreen.storyboard in Resources */ = {isa = PBXBuildFile; fileRef = 54CBB0922505542F00FD9ED7 /* LaunchScreen.storyboard */; };
		54CBB09F2505543000FD9ED7 /* RayTracingExampleTests.swift in Sources */ = {isa = PBXBuildFile; fileRef = 54CBB09E2505543000FD9ED7 /* RayTracingExampleTests.swift */; };
		54CBB0AA2505559100FD9ED7 /* Utilities.swift in Sources */ = {isa = PBXBuildFile; fileRef = 54CBB0A92505559100FD9ED7 /* Utilities.swift */; };
		54F464CA250809E3008FC842 /* Shaders.metal in Sources */ = {isa = PBXBuildFile; fileRef = 54F464C9250809E3008FC842 /* Shaders.metal */; };
		54F464CC2508D579008FC842 /* FaceMask.swift in Sources */ = {isa = PBXBuildFile; fileRef = 54F464CB2508D579008FC842 /* FaceMask.swift */; };
		54F465102508ED14008FC842 /* AppDelegate.swift in Sources */ = {isa = PBXBuildFile; fileRef = 54F4650F2508ED14008FC842 /* AppDelegate.swift */; };
		54F465122508ED14008FC842 /* GameViewController.swift in Sources */ = {isa = PBXBuildFile; fileRef = 54F465112508ED14008FC842 /* GameViewController.swift */; };
		54F465192508ED17008FC842 /* Assets.xcassets in Resources */ = {isa = PBXBuildFile; fileRef = 54F465182508ED17008FC842 /* Assets.xcassets */; };
		54F4651C2508ED17008FC842 /* Main.storyboard in Resources */ = {isa = PBXBuildFile; fileRef = 54F4651A2508ED17008FC842 /* Main.storyboard */; };
		54F465282508ED17008FC842 /* RayTracingExample_macOSTests.swift in Sources */ = {isa = PBXBuildFile; fileRef = 54F465272508ED17008FC842 /* RayTracingExample_macOSTests.swift */; };
		54F465302508ED77008FC842 /* FaceMask.swift in Sources */ = {isa = PBXBuildFile; fileRef = 54F464CB2508D579008FC842 /* FaceMask.swift */; };
		54F465312508ED77008FC842 /* Renderer.swift in Sources */ = {isa = PBXBuildFile; fileRef = 54CBB0872505542D00FD9ED7 /* Renderer.swift */; };
		54F465322508ED77008FC842 /* Utilities.swift in Sources */ = {isa = PBXBuildFile; fileRef = 54CBB0A92505559100FD9ED7 /* Utilities.swift */; };
		54F465332508ED77008FC842 /* Shaders.metal in Sources */ = {isa = PBXBuildFile; fileRef = 54F464C9250809E3008FC842 /* Shaders.metal */; };
		54F465342508ED77008FC842 /* Scene.swift in Sources */ = {isa = PBXBuildFile; fileRef = 546FAB982507AC6800D2A821 /* Scene.swift */; };
		54F465352508F26A008FC842 /* ShaderTypes.h in Resources */ = {isa = PBXBuildFile; fileRef = 54CBB0862505542D00FD9ED7 /* ShaderTypes.h */; };
		54F465362508F271008FC842 /* ShaderTypes.h in Resources */ = {isa = PBXBuildFile; fileRef = 54CBB0862505542D00FD9ED7 /* ShaderTypes.h */; };
/* End PBXBuildFile section */

/* Begin PBXContainerItemProxy section */
		54CBB09B2505543000FD9ED7 /* PBXContainerItemProxy */ = {
			isa = PBXContainerItemProxy;
			containerPortal = 54CBB0792505542D00FD9ED7 /* Project object */;
			proxyType = 1;
			remoteGlobalIDString = 54CBB0802505542D00FD9ED7;
			remoteInfo = RayTracingExample;
		};
		54F465242508ED17008FC842 /* PBXContainerItemProxy */ = {
			isa = PBXContainerItemProxy;
			containerPortal = 54CBB0792505542D00FD9ED7 /* Project object */;
			proxyType = 1;
			remoteGlobalIDString = 54F4650C2508ED14008FC842;
			remoteInfo = "RayTracingExample-macOS";
		};
/* End PBXContainerItemProxy section */

/* Begin PBXFileReference section */
		54115A062513D22A002DF01D /* README.md */ = {isa = PBXFileReference; lastKnownFileType = net.daringfireball.markdown; path = README.md; sourceTree = "<group>"; };
		546FAB982507AC6800D2A821 /* Scene.swift */ = {isa = PBXFileReference; lastKnownFileType = sourcecode.swift; path = Scene.swift; sourceTree = "<group>"; };
		54CBB0812505542D00FD9ED7 /* RayTracingExample.app */ = {isa = PBXFileReference; explicitFileType = wrapper.application; includeInIndex = 0; path = RayTracingExample.app; sourceTree = BUILT_PRODUCTS_DIR; };
		54CBB0842505542D00FD9ED7 /* AppDelegate.swift */ = {isa = PBXFileReference; lastKnownFileType = sourcecode.swift; path = AppDelegate.swift; sourceTree = "<group>"; };
		54CBB0862505542D00FD9ED7 /* ShaderTypes.h */ = {isa = PBXFileReference; lastKnownFileType = sourcecode.c.h; path = ShaderTypes.h; sourceTree = "<group>"; };
		54CBB0872505542D00FD9ED7 /* Renderer.swift */ = {isa = PBXFileReference; lastKnownFileType = sourcecode.swift; path = Renderer.swift; sourceTree = "<group>"; };
		54CBB0892505542D00FD9ED7 /* GameViewController.swift */ = {isa = PBXFileReference; lastKnownFileType = sourcecode.swift; path = GameViewController.swift; sourceTree = "<group>"; };
		54CBB08E2505542D00FD9ED7 /* Base */ = {isa = PBXFileReference; lastKnownFileType = file.storyboard; name = Base; path = Base.lproj/Main.storyboard; sourceTree = "<group>"; };
		54CBB0902505542F00FD9ED7 /* Assets.xcassets */ = {isa = PBXFileReference; lastKnownFileType = folder.assetcatalog; path = Assets.xcassets; sourceTree = "<group>"; };
		54CBB0932505542F00FD9ED7 /* Base */ = {isa = PBXFileReference; lastKnownFileType = file.storyboard; name = Base; path = Base.lproj/LaunchScreen.storyboard; sourceTree = "<group>"; };
		54CBB0952505542F00FD9ED7 /* Info.plist */ = {isa = PBXFileReference; lastKnownFileType = text.plist.xml; path = Info.plist; sourceTree = "<group>"; };
		54CBB09A2505543000FD9ED7 /* RayTracingExampleTests.xctest */ = {isa = PBXFileReference; explicitFileType = wrapper.cfbundle; includeInIndex = 0; path = RayTracingExampleTests.xctest; sourceTree = BUILT_PRODUCTS_DIR; };
		54CBB09E2505543000FD9ED7 /* RayTracingExampleTests.swift */ = {isa = PBXFileReference; lastKnownFileType = sourcecode.swift; path = RayTracingExampleTests.swift; sourceTree = "<group>"; };
		54CBB0A02505543000FD9ED7 /* Info.plist */ = {isa = PBXFileReference; lastKnownFileType = text.plist.xml; path = Info.plist; sourceTree = "<group>"; };
		54CBB0A92505559100FD9ED7 /* Utilities.swift */ = {isa = PBXFileReference; lastKnownFileType = sourcecode.swift; path = Utilities.swift; sourceTree = "<group>"; };
		54F464C9250809E3008FC842 /* Shaders.metal */ = {isa = PBXFileReference; fileEncoding = 4; lastKnownFileType = sourcecode.metal; path = Shaders.metal; sourceTree = "<group>"; };
		54F464CB2508D579008FC842 /* FaceMask.swift */ = {isa = PBXFileReference; lastKnownFileType = sourcecode.swift; path = FaceMask.swift; sourceTree = "<group>"; };
		54F4650D2508ED14008FC842 /* RayTracingExample-macOS.app */ = {isa = PBXFileReference; explicitFileType = wrapper.application; includeInIndex = 0; path = "RayTracingExample-macOS.app"; sourceTree = BUILT_PRODUCTS_DIR; };
		54F4650F2508ED14008FC842 /* AppDelegate.swift */ = {isa = PBXFileReference; lastKnownFileType = sourcecode.swift; path = AppDelegate.swift; sourceTree = "<group>"; };
		54F465112508ED14008FC842 /* GameViewController.swift */ = {isa = PBXFileReference; lastKnownFileType = sourcecode.swift; path = GameViewController.swift; sourceTree = "<group>"; };
		54F465182508ED17008FC842 /* Assets.xcassets */ = {isa = PBXFileReference; lastKnownFileType = folder.assetcatalog; path = Assets.xcassets; sourceTree = "<group>"; };
		54F4651B2508ED17008FC842 /* Base */ = {isa = PBXFileReference; lastKnownFileType = file.storyboard; name = Base; path = Base.lproj/Main.storyboard; sourceTree = "<group>"; };
		54F4651D2508ED17008FC842 /* Info.plist */ = {isa = PBXFileReference; lastKnownFileType = text.plist.xml; path = Info.plist; sourceTree = "<group>"; };
		54F4651E2508ED17008FC842 /* RayTracingExample_macOS.entitlements */ = {isa = PBXFileReference; lastKnownFileType = text.plist.entitlements; path = RayTracingExample_macOS.entitlements; sourceTree = "<group>"; };
		54F465232508ED17008FC842 /* RayTracingExample-macOSTests.xctest */ = {isa = PBXFileReference; explicitFileType = wrapper.cfbundle; includeInIndex = 0; path = "RayTracingExample-macOSTests.xctest"; sourceTree = BUILT_PRODUCTS_DIR; };
		54F465272508ED17008FC842 /* RayTracingExample_macOSTests.swift */ = {isa = PBXFileReference; lastKnownFileType = sourcecode.swift; path = RayTracingExample_macOSTests.swift; sourceTree = "<group>"; };
		54F465292508ED17008FC842 /* Info.plist */ = {isa = PBXFileReference; lastKnownFileType = text.plist.xml; path = Info.plist; sourceTree = "<group>"; };
/* End PBXFileReference section */

/* Begin PBXFrameworksBuildPhase section */
		54CBB07E2505542D00FD9ED7 /* Frameworks */ = {
			isa = PBXFrameworksBuildPhase;
			buildActionMask = 2147483647;
			files = (
			);
			runOnlyForDeploymentPostprocessing = 0;
		};
		54CBB0972505543000FD9ED7 /* Frameworks */ = {
			isa = PBXFrameworksBuildPhase;
			buildActionMask = 2147483647;
			files = (
			);
			runOnlyForDeploymentPostprocessing = 0;
		};
		54F4650A2508ED14008FC842 /* Frameworks */ = {
			isa = PBXFrameworksBuildPhase;
			buildActionMask = 2147483647;
			files = (
			);
			runOnlyForDeploymentPostprocessing = 0;
		};
		54F465202508ED17008FC842 /* Frameworks */ = {
			isa = PBXFrameworksBuildPhase;
			buildActionMask = 2147483647;
			files = (
			);
			runOnlyForDeploymentPostprocessing = 0;
		};
/* End PBXFrameworksBuildPhase section */

/* Begin PBXGroup section */
		54CBB0782505542D00FD9ED7 = {
			isa = PBXGroup;
			children = (
				54115A062513D22A002DF01D /* README.md */,
				54F465072508EC52008FC842 /* Raytracing */,
				54CBB0832505542D00FD9ED7 /* RayTracingExample-iOS */,
				54CBB09D2505543000FD9ED7 /* RayTracingExampleTests */,
				54F4650E2508ED14008FC842 /* RayTracingExample-macOS */,
				54F465262508ED17008FC842 /* RayTracingExample-macOSTests */,
				54CBB0822505542D00FD9ED7 /* Products */,
			);
			sourceTree = "<group>";
		};
		54CBB0822505542D00FD9ED7 /* Products */ = {
			isa = PBXGroup;
			children = (
				54CBB0812505542D00FD9ED7 /* RayTracingExample.app */,
				54CBB09A2505543000FD9ED7 /* RayTracingExampleTests.xctest */,
				54F4650D2508ED14008FC842 /* RayTracingExample-macOS.app */,
				54F465232508ED17008FC842 /* RayTracingExample-macOSTests.xctest */,
			);
			name = Products;
			sourceTree = "<group>";
		};
		54CBB0832505542D00FD9ED7 /* RayTracingExample-iOS */ = {
			isa = PBXGroup;
			children = (
				54CBB0892505542D00FD9ED7 /* GameViewController.swift */,
				54CBB0842505542D00FD9ED7 /* AppDelegate.swift */,
				54CBB0952505542F00FD9ED7 /* Info.plist */,
				54CBB0922505542F00FD9ED7 /* LaunchScreen.storyboard */,
				54CBB08D2505542D00FD9ED7 /* Main.storyboard */,
				54CBB0902505542F00FD9ED7 /* Assets.xcassets */,
			);
			path = "RayTracingExample-iOS";
			sourceTree = "<group>";
		};
		54CBB09D2505543000FD9ED7 /* RayTracingExampleTests */ = {
			isa = PBXGroup;
			children = (
				54CBB09E2505543000FD9ED7 /* RayTracingExampleTests.swift */,
				54CBB0A02505543000FD9ED7 /* Info.plist */,
			);
			path = RayTracingExampleTests;
			sourceTree = "<group>";
		};
		54F465072508EC52008FC842 /* Raytracing */ = {
			isa = PBXGroup;
			children = (
				54CBB0862505542D00FD9ED7 /* ShaderTypes.h */,
				54F464CB2508D579008FC842 /* FaceMask.swift */,
				54CBB0872505542D00FD9ED7 /* Renderer.swift */,
				54CBB0A92505559100FD9ED7 /* Utilities.swift */,
				54F464C9250809E3008FC842 /* Shaders.metal */,
				546FAB982507AC6800D2A821 /* Scene.swift */,
			);
			path = Raytracing;
			sourceTree = "<group>";
		};
		54F4650E2508ED14008FC842 /* RayTracingExample-macOS */ = {
			isa = PBXGroup;
			children = (
				54F4650F2508ED14008FC842 /* AppDelegate.swift */,
				54F465112508ED14008FC842 /* GameViewController.swift */,
				54F465182508ED17008FC842 /* Assets.xcassets */,
				54F4651A2508ED17008FC842 /* Main.storyboard */,
				54F4651D2508ED17008FC842 /* Info.plist */,
				54F4651E2508ED17008FC842 /* RayTracingExample_macOS.entitlements */,
			);
			path = "RayTracingExample-macOS";
			sourceTree = "<group>";
		};
		54F465262508ED17008FC842 /* RayTracingExample-macOSTests */ = {
			isa = PBXGroup;
			children = (
				54F465272508ED17008FC842 /* RayTracingExample_macOSTests.swift */,
				54F465292508ED17008FC842 /* Info.plist */,
			);
			path = "RayTracingExample-macOSTests";
			sourceTree = "<group>";
		};
/* End PBXGroup section */

/* Begin PBXNativeTarget section */
		54CBB0802505542D00FD9ED7 /* RayTracingExample */ = {
			isa = PBXNativeTarget;
			buildConfigurationList = 54CBB0A32505543000FD9ED7 /* Build configuration list for PBXNativeTarget "RayTracingExample" */;
			buildPhases = (
				54CBB07D2505542D00FD9ED7 /* Sources */,
				54CBB07E2505542D00FD9ED7 /* Frameworks */,
				54CBB07F2505542D00FD9ED7 /* Resources */,
			);
			buildRules = (
			);
			dependencies = (
			);
			name = RayTracingExample;
			productName = RayTracingExample;
			productReference = 54CBB0812505542D00FD9ED7 /* RayTracingExample.app */;
			productType = "com.apple.product-type.application";
		};
		54CBB0992505543000FD9ED7 /* RayTracingExampleTests */ = {
			isa = PBXNativeTarget;
			buildConfigurationList = 54CBB0A62505543000FD9ED7 /* Build configuration list for PBXNativeTarget "RayTracingExampleTests" */;
			buildPhases = (
				54CBB0962505543000FD9ED7 /* Sources */,
				54CBB0972505543000FD9ED7 /* Frameworks */,
				54CBB0982505543000FD9ED7 /* Resources */,
			);
			buildRules = (
			);
			dependencies = (
				54CBB09C2505543000FD9ED7 /* PBXTargetDependency */,
			);
			name = RayTracingExampleTests;
			productName = RayTracingExampleTests;
			productReference = 54CBB09A2505543000FD9ED7 /* RayTracingExampleTests.xctest */;
			productType = "com.apple.product-type.bundle.unit-test";
		};
		54F4650C2508ED14008FC842 /* RayTracingExample-macOS */ = {
			isa = PBXNativeTarget;
			buildConfigurationList = 54F4652A2508ED17008FC842 /* Build configuration list for PBXNativeTarget "RayTracingExample-macOS" */;
			buildPhases = (
				54F465092508ED14008FC842 /* Sources */,
				54F4650A2508ED14008FC842 /* Frameworks */,
				54F4650B2508ED14008FC842 /* Resources */,
			);
			buildRules = (
			);
			dependencies = (
			);
			name = "RayTracingExample-macOS";
			productName = "RayTracingExample-macOS";
			productReference = 54F4650D2508ED14008FC842 /* RayTracingExample-macOS.app */;
			productType = "com.apple.product-type.application";
		};
		54F465222508ED17008FC842 /* RayTracingExample-macOSTests */ = {
			isa = PBXNativeTarget;
			buildConfigurationList = 54F4652D2508ED17008FC842 /* Build configuration list for PBXNativeTarget "RayTracingExample-macOSTests" */;
			buildPhases = (
				54F4651F2508ED17008FC842 /* Sources */,
				54F465202508ED17008FC842 /* Frameworks */,
				54F465212508ED17008FC842 /* Resources */,
			);
			buildRules = (
			);
			dependencies = (
				54F465252508ED17008FC842 /* PBXTargetDependency */,
			);
			name = "RayTracingExample-macOSTests";
			productName = "RayTracingExample-macOSTests";
			productReference = 54F465232508ED17008FC842 /* RayTracingExample-macOSTests.xctest */;
			productType = "com.apple.product-type.bundle.unit-test";
		};
/* End PBXNativeTarget section */

/* Begin PBXProject section */
		54CBB0792505542D00FD9ED7 /* Project object */ = {
			isa = PBXProject;
			attributes = {
				LastSwiftUpdateCheck = 1170;
				LastUpgradeCheck = 1170;
				ORGANIZATIONNAME = "David Crooks";
				TargetAttributes = {
					54CBB0802505542D00FD9ED7 = {
						CreatedOnToolsVersion = 11.7;
					};
					54CBB0992505543000FD9ED7 = {
						CreatedOnToolsVersion = 11.7;
						TestTargetID = 54CBB0802505542D00FD9ED7;
					};
					54F4650C2508ED14008FC842 = {
						CreatedOnToolsVersion = 11.7;
					};
					54F465222508ED17008FC842 = {
						CreatedOnToolsVersion = 11.7;
						TestTargetID = 54F4650C2508ED14008FC842;
					};
				};
			};
			buildConfigurationList = 54CBB07C2505542D00FD9ED7 /* Build configuration list for PBXProject "RayTracingExample" */;
			compatibilityVersion = "Xcode 9.3";
			developmentRegion = en;
			hasScannedForEncodings = 0;
			knownRegions = (
				en,
				Base,
			);
			mainGroup = 54CBB0782505542D00FD9ED7;
			productRefGroup = 54CBB0822505542D00FD9ED7 /* Products */;
			projectDirPath = "";
			projectRoot = "";
			targets = (
				54CBB0802505542D00FD9ED7 /* RayTracingExample */,
				54CBB0992505543000FD9ED7 /* RayTracingExampleTests */,
				54F4650C2508ED14008FC842 /* RayTracingExample-macOS */,
				54F465222508ED17008FC842 /* RayTracingExample-macOSTests */,
			);
		};
/* End PBXProject section */

/* Begin PBXResourcesBuildPhase section */
		54CBB07F2505542D00FD9ED7 /* Resources */ = {
			isa = PBXResourcesBuildPhase;
			buildActionMask = 2147483647;
			files = (
				54F465362508F271008FC842 /* ShaderTypes.h in Resources */,
				54CBB0942505542F00FD9ED7 /* LaunchScreen.storyboard in Resources */,
				54CBB0912505542F00FD9ED7 /* Assets.xcassets in Resources */,
				54CBB08F2505542D00FD9ED7 /* Main.storyboard in Resources */,
			);
			runOnlyForDeploymentPostprocessing = 0;
		};
		54CBB0982505543000FD9ED7 /* Resources */ = {
			isa = PBXResourcesBuildPhase;
			buildActionMask = 2147483647;
			files = (
			);
			runOnlyForDeploymentPostprocessing = 0;
		};
		54F4650B2508ED14008FC842 /* Resources */ = {
			isa = PBXResourcesBuildPhase;
			buildActionMask = 2147483647;
			files = (
				54F465352508F26A008FC842 /* ShaderTypes.h in Resources */,
				54F465192508ED17008FC842 /* Assets.xcassets in Resources */,
				54F4651C2508ED17008FC842 /* Main.storyboard in Resources */,
			);
			runOnlyForDeploymentPostprocessing = 0;
		};
		54F465212508ED17008FC842 /* Resources */ = {
			isa = PBXResourcesBuildPhase;
			buildActionMask = 2147483647;
			files = (
			);
			runOnlyForDeploymentPostprocessing = 0;
		};
/* End PBXResourcesBuildPhase section */

/* Begin PBXSourcesBuildPhase section */
		54CBB07D2505542D00FD9ED7 /* Sources */ = {
			isa = PBXSourcesBuildPhase;
			buildActionMask = 2147483647;
			files = (
				54F464CA250809E3008FC842 /* Shaders.metal in Sources */,
				54CBB0882505542D00FD9ED7 /* Renderer.swift in Sources */,
				546FAB992507AC6800D2A821 /* Scene.swift in Sources */,
				54CBB0AA2505559100FD9ED7 /* Utilities.swift in Sources */,
				54F464CC2508D579008FC842 /* FaceMask.swift in Sources */,
				54CBB08A2505542D00FD9ED7 /* GameViewController.swift in Sources */,
				54CBB0852505542D00FD9ED7 /* AppDelegate.swift in Sources */,
			);
			runOnlyForDeploymentPostprocessing = 0;
		};
		54CBB0962505543000FD9ED7 /* Sources */ = {
			isa = PBXSourcesBuildPhase;
			buildActionMask = 2147483647;
			files = (
				54CBB09F2505543000FD9ED7 /* RayTracingExampleTests.swift in Sources */,
			);
			runOnlyForDeploymentPostprocessing = 0;
		};
		54F465092508ED14008FC842 /* Sources */ = {
			isa = PBXSourcesBuildPhase;
			buildActionMask = 2147483647;
			files = (
				54F465332508ED77008FC842 /* Shaders.metal in Sources */,
				54F465312508ED77008FC842 /* Renderer.swift in Sources */,
				54F465122508ED14008FC842 /* GameViewController.swift in Sources */,
				54F465102508ED14008FC842 /* AppDelegate.swift in Sources */,
				54F465342508ED77008FC842 /* Scene.swift in Sources */,
				54F465322508ED77008FC842 /* Utilities.swift in Sources */,
				54F465302508ED77008FC842 /* FaceMask.swift in Sources */,
			);
			runOnlyForDeploymentPostprocessing = 0;
		};
		54F4651F2508ED17008FC842 /* Sources */ = {
			isa = PBXSourcesBuildPhase;
			buildActionMask = 2147483647;
			files = (
				54F465282508ED17008FC842 /* RayTracingExample_macOSTests.swift in Sources */,
			);
			runOnlyForDeploymentPostprocessing = 0;
		};
/* End PBXSourcesBuildPhase section */

/* Begin PBXTargetDependency section */
		54CBB09C2505543000FD9ED7 /* PBXTargetDependency */ = {
			isa = PBXTargetDependency;
			target = 54CBB0802505542D00FD9ED7 /* RayTracingExample */;
			targetProxy = 54CBB09B2505543000FD9ED7 /* PBXContainerItemProxy */;
		};
		54F465252508ED17008FC842 /* PBXTargetDependency */ = {
			isa = PBXTargetDependency;
			target = 54F4650C2508ED14008FC842 /* RayTracingExample-macOS */;
			targetProxy = 54F465242508ED17008FC842 /* PBXContainerItemProxy */;
		};
/* End PBXTargetDependency section */

/* Begin PBXVariantGroup section */
		54CBB08D2505542D00FD9ED7 /* Main.storyboard */ = {
			isa = PBXVariantGroup;
			children = (
				54CBB08E2505542D00FD9ED7 /* Base */,
			);
			name = Main.storyboard;
			sourceTree = "<group>";
		};
		54CBB0922505542F00FD9ED7 /* LaunchScreen.storyboard */ = {
			isa = PBXVariantGroup;
			children = (
				54CBB0932505542F00FD9ED7 /* Base */,
			);
			name = LaunchScreen.storyboard;
			sourceTree = "<group>";
		};
		54F4651A2508ED17008FC842 /* Main.storyboard */ = {
			isa = PBXVariantGroup;
			children = (
				54F4651B2508ED17008FC842 /* Base */,
			);
			name = Main.storyboard;
			sourceTree = "<group>";
		};
/* End PBXVariantGroup section */

/* Begin XCBuildConfiguration section */
		54CBB0A12505543000FD9ED7 /* Debug */ = {
			isa = XCBuildConfiguration;
			buildSettings = {
				ALWAYS_SEARCH_USER_PATHS = NO;
				CLANG_ANALYZER_NONNULL = YES;
				CLANG_ANALYZER_NUMBER_OBJECT_CONVERSION = YES_AGGRESSIVE;
				CLANG_CXX_LANGUAGE_STANDARD = "gnu++14";
				CLANG_CXX_LIBRARY = "libc++";
				CLANG_ENABLE_MODULES = YES;
				CLANG_ENABLE_OBJC_ARC = YES;
				CLANG_ENABLE_OBJC_WEAK = YES;
				CLANG_WARN_BLOCK_CAPTURE_AUTORELEASING = YES;
				CLANG_WARN_BOOL_CONVERSION = YES;
				CLANG_WARN_COMMA = YES;
				CLANG_WARN_CONSTANT_CONVERSION = YES;
				CLANG_WARN_DEPRECATED_OBJC_IMPLEMENTATIONS = YES;
				CLANG_WARN_DIRECT_OBJC_ISA_USAGE = YES_ERROR;
				CLANG_WARN_DOCUMENTATION_COMMENTS = YES;
				CLANG_WARN_EMPTY_BODY = YES;
				CLANG_WARN_ENUM_CONVERSION = YES;
				CLANG_WARN_INFINITE_RECURSION = YES;
				CLANG_WARN_INT_CONVERSION = YES;
				CLANG_WARN_NON_LITERAL_NULL_CONVERSION = YES;
				CLANG_WARN_OBJC_IMPLICIT_RETAIN_SELF = YES;
				CLANG_WARN_OBJC_LITERAL_CONVERSION = YES;
				CLANG_WARN_OBJC_ROOT_CLASS = YES_ERROR;
				CLANG_WARN_RANGE_LOOP_ANALYSIS = YES;
				CLANG_WARN_STRICT_PROTOTYPES = YES;
				CLANG_WARN_SUSPICIOUS_MOVE = YES;
				CLANG_WARN_UNGUARDED_AVAILABILITY = YES_AGGRESSIVE;
				CLANG_WARN_UNREACHABLE_CODE = YES;
				CLANG_WARN__DUPLICATE_METHOD_MATCH = YES;
				COPY_PHASE_STRIP = NO;
				DEBUG_INFORMATION_FORMAT = dwarf;
				ENABLE_STRICT_OBJC_MSGSEND = YES;
				ENABLE_TESTABILITY = YES;
				GCC_C_LANGUAGE_STANDARD = gnu11;
				GCC_DYNAMIC_NO_PIC = NO;
				GCC_NO_COMMON_BLOCKS = YES;
				GCC_OPTIMIZATION_LEVEL = 0;
				GCC_PREPROCESSOR_DEFINITIONS = (
					"DEBUG=1",
					"$(inherited)",
				);
				GCC_WARN_64_TO_32_BIT_CONVERSION = YES;
				GCC_WARN_ABOUT_RETURN_TYPE = YES_ERROR;
				GCC_WARN_UNDECLARED_SELECTOR = YES;
				GCC_WARN_UNINITIALIZED_AUTOS = YES_AGGRESSIVE;
				GCC_WARN_UNUSED_FUNCTION = YES;
				GCC_WARN_UNUSED_VARIABLE = YES;
				IPHONEOS_DEPLOYMENT_TARGET = 13.7;
				MTL_ENABLE_DEBUG_INFO = INCLUDE_SOURCE;
				MTL_FAST_MATH = YES;
				ONLY_ACTIVE_ARCH = YES;
				SDKROOT = iphoneos;
				SWIFT_ACTIVE_COMPILATION_CONDITIONS = DEBUG;
				SWIFT_OPTIMIZATION_LEVEL = "-Onone";
			};
			name = Debug;
		};
		54CBB0A22505543000FD9ED7 /* Release */ = {
			isa = XCBuildConfiguration;
			buildSettings = {
				ALWAYS_SEARCH_USER_PATHS = NO;
				CLANG_ANALYZER_NONNULL = YES;
				CLANG_ANALYZER_NUMBER_OBJECT_CONVERSION = YES_AGGRESSIVE;
				CLANG_CXX_LANGUAGE_STANDARD = "gnu++14";
				CLANG_CXX_LIBRARY = "libc++";
				CLANG_ENABLE_MODULES = YES;
				CLANG_ENABLE_OBJC_ARC = YES;
				CLANG_ENABLE_OBJC_WEAK = YES;
				CLANG_WARN_BLOCK_CAPTURE_AUTORELEASING = YES;
				CLANG_WARN_BOOL_CONVERSION = YES;
				CLANG_WARN_COMMA = YES;
				CLANG_WARN_CONSTANT_CONVERSION = YES;
				CLANG_WARN_DEPRECATED_OBJC_IMPLEMENTATIONS = YES;
				CLANG_WARN_DIRECT_OBJC_ISA_USAGE = YES_ERROR;
				CLANG_WARN_DOCUMENTATION_COMMENTS = YES;
				CLANG_WARN_EMPTY_BODY = YES;
				CLANG_WARN_ENUM_CONVERSION = YES;
				CLANG_WARN_INFINITE_RECURSION = YES;
				CLANG_WARN_INT_CONVERSION = YES;
				CLANG_WARN_NON_LITERAL_NULL_CONVERSION = YES;
				CLANG_WARN_OBJC_IMPLICIT_RETAIN_SELF = YES;
				CLANG_WARN_OBJC_LITERAL_CONVERSION = YES;
				CLANG_WARN_OBJC_ROOT_CLASS = YES_ERROR;
				CLANG_WARN_RANGE_LOOP_ANALYSIS = YES;
				CLANG_WARN_STRICT_PROTOTYPES = YES;
				CLANG_WARN_SUSPICIOUS_MOVE = YES;
				CLANG_WARN_UNGUARDED_AVAILABILITY = YES_AGGRESSIVE;
				CLANG_WARN_UNREACHABLE_CODE = YES;
				CLANG_WARN__DUPLICATE_METHOD_MATCH = YES;
				COPY_PHASE_STRIP = NO;
				DEBUG_INFORMATION_FORMAT = "dwarf-with-dsym";
				ENABLE_NS_ASSERTIONS = NO;
				ENABLE_STRICT_OBJC_MSGSEND = YES;
				GCC_C_LANGUAGE_STANDARD = gnu11;
				GCC_NO_COMMON_BLOCKS = YES;
				GCC_WARN_64_TO_32_BIT_CONVERSION = YES;
				GCC_WARN_ABOUT_RETURN_TYPE = YES_ERROR;
				GCC_WARN_UNDECLARED_SELECTOR = YES;
				GCC_WARN_UNINITIALIZED_AUTOS = YES_AGGRESSIVE;
				GCC_WARN_UNUSED_FUNCTION = YES;
				GCC_WARN_UNUSED_VARIABLE = YES;
				IPHONEOS_DEPLOYMENT_TARGET = 13.7;
				MTL_ENABLE_DEBUG_INFO = NO;
				MTL_FAST_MATH = YES;
				SDKROOT = iphoneos;
				SWIFT_COMPILATION_MODE = wholemodule;
				SWIFT_OPTIMIZATION_LEVEL = "-O";
				VALIDATE_PRODUCT = YES;
			};
			name = Release;
		};
		54CBB0A42505543000FD9ED7 /* Debug */ = {
			isa = XCBuildConfiguration;
			buildSettings = {
				ASSETCATALOG_COMPILER_APPICON_NAME = AppIcon;
				CODE_SIGN_STYLE = Automatic;
				DEVELOPMENT_TEAM = 84Y3R5UC5Q;
				INFOPLIST_FILE = RayTracingExample/Info.plist;
				IPHONEOS_DEPLOYMENT_TARGET = 13.6;
				LD_RUNPATH_SEARCH_PATHS = (
					"$(inherited)",
					"@executable_path/Frameworks",
				);
				PRODUCT_BUNDLE_IDENTIFIER = com.crooks.RayTracingExample;
				PRODUCT_NAME = "$(TARGET_NAME)";
				SWIFT_OBJC_BRIDGING_HEADER = "$(TARGET_NAME)/Raytracing/ShaderTypes.h";
				SWIFT_VERSION = 5.0;
				TARGETED_DEVICE_FAMILY = "1,2";
			};
			name = Debug;
		};
		54CBB0A52505543000FD9ED7 /* Release */ = {
			isa = XCBuildConfiguration;
			buildSettings = {
				ASSETCATALOG_COMPILER_APPICON_NAME = AppIcon;
				CODE_SIGN_STYLE = Automatic;
				DEVELOPMENT_TEAM = 84Y3R5UC5Q;
				INFOPLIST_FILE = RayTracingExample/Info.plist;
				IPHONEOS_DEPLOYMENT_TARGET = 13.6;
				LD_RUNPATH_SEARCH_PATHS = (
					"$(inherited)",
					"@executable_path/Frameworks",
				);
				PRODUCT_BUNDLE_IDENTIFIER = com.crooks.RayTracingExample;
				PRODUCT_NAME = "$(TARGET_NAME)";
				SWIFT_OBJC_BRIDGING_HEADER = "$(TARGET_NAME)/Raytracing/ShaderTypes.h";
				SWIFT_VERSION = 5.0;
				TARGETED_DEVICE_FAMILY = "1,2";
			};
			name = Release;
		};
		54CBB0A72505543000FD9ED7 /* Debug */ = {
			isa = XCBuildConfiguration;
			buildSettings = {
				ALWAYS_EMBED_SWIFT_STANDARD_LIBRARIES = YES;
				BUNDLE_LOADER = "$(TEST_HOST)";
				CODE_SIGN_STYLE = Automatic;
				DEVELOPMENT_TEAM = 84Y3R5UC5Q;
				INFOPLIST_FILE = RayTracingExampleTests/Info.plist;
				IPHONEOS_DEPLOYMENT_TARGET = 13.7;
				LD_RUNPATH_SEARCH_PATHS = (
					"$(inherited)",
					"@executable_path/Frameworks",
					"@loader_path/Frameworks",
				);
				PRODUCT_BUNDLE_IDENTIFIER = com.crooks.RayTracingExampleTests;
				PRODUCT_NAME = "$(TARGET_NAME)";
				SWIFT_VERSION = 5.0;
				TARGETED_DEVICE_FAMILY = "1,2";
				TEST_HOST = "$(BUILT_PRODUCTS_DIR)/RayTracingExample.app/RayTracingExample";
			};
			name = Debug;
		};
		54CBB0A82505543000FD9ED7 /* Release */ = {
			isa = XCBuildConfiguration;
			buildSettings = {
				ALWAYS_EMBED_SWIFT_STANDARD_LIBRARIES = YES;
				BUNDLE_LOADER = "$(TEST_HOST)";
				CODE_SIGN_STYLE = Automatic;
				DEVELOPMENT_TEAM = 84Y3R5UC5Q;
				INFOPLIST_FILE = RayTracingExampleTests/Info.plist;
				IPHONEOS_DEPLOYMENT_TARGET = 13.7;
				LD_RUNPATH_SEARCH_PATHS = (
					"$(inherited)",
					"@executable_path/Frameworks",
					"@loader_path/Frameworks",
				);
				PRODUCT_BUNDLE_IDENTIFIER = com.crooks.RayTracingExampleTests;
				PRODUCT_NAME = "$(TARGET_NAME)";
				SWIFT_VERSION = 5.0;
				TARGETED_DEVICE_FAMILY = "1,2";
				TEST_HOST = "$(BUILT_PRODUCTS_DIR)/RayTracingExample.app/RayTracingExample";
			};
			name = Release;
		};
		54F4652B2508ED17008FC842 /* Debug */ = {
			isa = XCBuildConfiguration;
			buildSettings = {
				ASSETCATALOG_COMPILER_APPICON_NAME = AppIcon;
				CODE_SIGN_ENTITLEMENTS = "RayTracingExample-macOS/RayTracingExample_macOS.entitlements";
				CODE_SIGN_STYLE = Automatic;
				COMBINE_HIDPI_IMAGES = YES;
				DEVELOPMENT_TEAM = 84Y3R5UC5Q;
				ENABLE_HARDENED_RUNTIME = YES;
				INFOPLIST_FILE = "RayTracingExample-macOS/Info.plist";
				LD_RUNPATH_SEARCH_PATHS = (
					"$(inherited)",
					"@executable_path/../Frameworks",
				);
				MACOSX_DEPLOYMENT_TARGET = 10.15;
				PRODUCT_BUNDLE_IDENTIFIER = "com.crooks.RayTracingExample-macOS";
				PRODUCT_NAME = "$(TARGET_NAME)";
				SDKROOT = macosx;
				SWIFT_OBJC_BRIDGING_HEADER = Raytracing/ShaderTypes.h;
				SWIFT_VERSION = 5.0;
			};
			name = Debug;
		};
		54F4652C2508ED17008FC842 /* Release */ = {
			isa = XCBuildConfiguration;
			buildSettings = {
				ASSETCATALOG_COMPILER_APPICON_NAME = AppIcon;
				CODE_SIGN_ENTITLEMENTS = "RayTracingExample-macOS/RayTracingExample_macOS.entitlements";
				CODE_SIGN_STYLE = Automatic;
				COMBINE_HIDPI_IMAGES = YES;
				DEVELOPMENT_TEAM = 84Y3R5UC5Q;
				ENABLE_HARDENED_RUNTIME = YES;
				INFOPLIST_FILE = "RayTracingExample-macOS/Info.plist";
				LD_RUNPATH_SEARCH_PATHS = (
					"$(inherited)",
					"@executable_path/../Frameworks",
				);
				MACOSX_DEPLOYMENT_TARGET = 10.15;
				PRODUCT_BUNDLE_IDENTIFIER = "com.crooks.RayTracingExample-macOS";
				PRODUCT_NAME = "$(TARGET_NAME)";
				SDKROOT = macosx;
				SWIFT_OBJC_BRIDGING_HEADER = Raytracing/ShaderTypes.h;
				SWIFT_VERSION = 5.0;
			};
			name = Release;
		};
		54F4652E2508ED17008FC842 /* Debug */ = {
			isa = XCBuildConfiguration;
			buildSettings = {
				ALWAYS_EMBED_SWIFT_STANDARD_LIBRARIES = YES;
				BUNDLE_LOADER = "$(TEST_HOST)";
				CODE_SIGN_STYLE = Automatic;
				COMBINE_HIDPI_IMAGES = YES;
				DEVELOPMENT_TEAM = 84Y3R5UC5Q;
				INFOPLIST_FILE = "RayTracingExample-macOSTests/Info.plist";
				LD_RUNPATH_SEARCH_PATHS = (
					"$(inherited)",
					"@executable_path/../Frameworks",
					"@loader_path/../Frameworks",
				);
				MACOSX_DEPLOYMENT_TARGET = 10.15;
				PRODUCT_BUNDLE_IDENTIFIER = "com.crooks.RayTracingExample-macOSTests";
				PRODUCT_NAME = "$(TARGET_NAME)";
				SDKROOT = macosx;
				SWIFT_VERSION = 5.0;
				TEST_HOST = "$(BUILT_PRODUCTS_DIR)/RayTracingExample-macOS.app/Contents/MacOS/RayTracingExample-macOS";
			};
			name = Debug;
		};
		54F4652F2508ED17008FC842 /* Release */ = {
			isa = XCBuildConfiguration;
			buildSettings = {
				ALWAYS_EMBED_SWIFT_STANDARD_LIBRARIES = YES;
				BUNDLE_LOADER = "$(TEST_HOST)";
				CODE_SIGN_STYLE = Automatic;
				COMBINE_HIDPI_IMAGES = YES;
				DEVELOPMENT_TEAM = 84Y3R5UC5Q;
				INFOPLIST_FILE = "RayTracingExample-macOSTests/Info.plist";
				LD_RUNPATH_SEARCH_PATHS = (
					"$(inherited)",
					"@executable_path/../Frameworks",
					"@loader_path/../Frameworks",
				);
				MACOSX_DEPLOYMENT_TARGET = 10.15;
				PRODUCT_BUNDLE_IDENTIFIER = "com.crooks.RayTracingExample-macOSTests";
				PRODUCT_NAME = "$(TARGET_NAME)";
				SDKROOT = macosx;
				SWIFT_VERSION = 5.0;
				TEST_HOST = "$(BUILT_PRODUCTS_DIR)/RayTracingExample-macOS.app/Contents/MacOS/RayTracingExample-macOS";
			};
			name = Release;
		};
/* End XCBuildConfiguration section */

/* Begin XCConfigurationList section */
		54CBB07C2505542D00FD9ED7 /* Build configuration list for PBXProject "RayTracingExample" */ = {
			isa = XCConfigurationList;
			buildConfigurations = (
				54CBB0A12505543000FD9ED7 /* Debug */,
				54CBB0A22505543000FD9ED7 /* Release */,
			);
			defaultConfigurationIsVisible = 0;
			defaultConfigurationName = Release;
		};
		54CBB0A32505543000FD9ED7 /* Build configuration list for PBXNativeTarget "RayTracingExample" */ = {
			isa = XCConfigurationList;
			buildConfigurations = (
				54CBB0A42505543000FD9ED7 /* Debug */,
				54CBB0A52505543000FD9ED7 /* Release */,
			);
			defaultConfigurationIsVisible = 0;
			defaultConfigurationName = Release;
		};
		54CBB0A62505543000FD9ED7 /* Build configuration list for PBXNativeTarget "RayTracingExampleTests" */ = {
			isa = XCConfigurationList;
			buildConfigurations = (
				54CBB0A72505543000FD9ED7 /* Debug */,
				54CBB0A82505543000FD9ED7 /* Release */,
			);
			defaultConfigurationIsVisible = 0;
			defaultConfigurationName = Release;
		};
		54F4652A2508ED17008FC842 /* Build configuration list for PBXNativeTarget "RayTracingExample-macOS" */ = {
			isa = XCConfigurationList;
			buildConfigurations = (
				54F4652B2508ED17008FC842 /* Debug */,
				54F4652C2508ED17008FC842 /* Release */,
			);
			defaultConfigurationIsVisible = 0;
			defaultConfigurationName = Release;
		};
		54F4652D2508ED17008FC842 /* Build configuration list for PBXNativeTarget "RayTracingExample-macOSTests" */ = {
			isa = XCConfigurationList;
			buildConfigurations = (
				54F4652E2508ED17008FC842 /* Debug */,
				54F4652F2508ED17008FC842 /* Release */,
			);
			defaultConfigurationIsVisible = 0;
			defaultConfigurationName = Release;
		};
/* End XCConfigurationList section */
	};
	rootObject = 54CBB0792505542D00FD9ED7 /* Project object */;
}
